{
  "name": "html-gren",
  "lockfileVersion": 3,
  "requires": true,
  "packages": {
    "": {
      "dependencies": {
        "gren-lang": "^0.6.6"
      }
    },
    "node_modules/gren-lang": {
      "version": "0.6.6",
      "resolved": "https://registry.npmjs.org/gren-lang/-/gren-lang-0.6.6.tgz",
      "integrity": "sha512-7ES57H6+muCxDYjmUDOuXk7HX/JjO69FBE+CgUnLT3VUAeynuW48HTXQmkl/FwCqKTHPLy6Z+lfSgSz0y1IbQA==",
      "license": "BSD-3-Clause",
      "bin": {
        "gren": "bin/compiler"
      },
      "engines": {
        "node": ">= 22"
      },
      "funding": {
        "url": "https://ko-fi.com/gren"
      }
    }
  }
}
